
Microsoft Visual Studio Solution File, Format Version 12.00
# Visual Studio Version 17
VisualStudioVersion = 17.1.32228.430
MinimumVisualStudioVersion = 10.0.40219.1
Project("{8BC9CEB8-8B4A-11D0-8D11-00A0C91BC942}") = "HealthCare UI", "HealthCare UI\HealthCare UI.vcxproj", "{1E414C07-3742-46B6-86E2-C516C14A94CD}"
EndProject
Global
	GlobalSection(SolutionConfigurationPlatforms) = preSolution
		Debug|x64 = Debug|x64
		Debug|x86 = Debug|x86
		Release|x64 = Release|x64
		Release|x86 = Release|x86
	EndGlobalSection
	GlobalSection(ProjectConfigurationPlatforms) = postSolution
		{1E414C07-3742-46B6-86E2-C516C14A94CD}.Debug|x64.ActiveCfg = Debug|x64
		{1E414C07-3742-46B6-86E2-C516C14A94CD}.Debug|x64.Build.0 = Debug|x64
		{1E414C07-3742-46B6-86E2-C516C14A94CD}.Debug|x86.ActiveCfg = Debug|Win32
		{1E414C07-3742-46B6-86E2-C516C14A94CD}.Debug|x86.Build.0 = Debug|Win32
		{1E414C07-3742-46B6-86E2-C516C14A94CD}.Release|x64.ActiveCfg = Release|x64
		{1E414C07-3742-46B6-86E2-C516C14A94CD}.Release|x64.Build.0 = Release|x64
		{1E414C07-3742-46B6-86E2-C516C14A94CD}.Release|x86.ActiveCfg = Release|Win32
		{1E414C07-3742-46B6-86E2-C516C14A94CD}.Release|x86.Build.0 = Release|Win32
	EndGlobalSection
	GlobalSection(SolutionProperties) = preSolution
		HideSolutionNode = FALSE
	EndGlobalSection
	GlobalSection(ExtensibilityGlobals) = postSolution
		SolutionGuid = {4BEBCCD4-8737-4385-97E8-55D0FAE5FBAB}
	EndGlobalSection
EndGlobal
